
Microsoft Visual Studio Solution File, Format Version 12.00
# Visual Studio 15
VisualStudioVersion = 15.0.27703.2035
MinimumVisualStudioVersion = 10.0.40219.1
Project("{9A19103F-16F7-4668-BE54-9A1E7A4F7556}") = "ElasticParties.API", "ElasticHotels.API\ElasticParties.API.csproj", "{2D2E44CC-CF3A-4F20-979B-0037CE8B31F5}"
EndProject
Project("{9A19103F-16F7-4668-BE54-9A1E7A4F7556}") = "ElasticParties.Data", "ElasticHotels.Data\ElasticParties.Data.csproj", "{60936FF7-58B7-4BF3-86D0-EB1FE9072231}"
EndProject
Project("{FAE04EC0-301F-11D3-BF4B-00C04F79EFBC}") = "ElasticParties.CLI", "ElasticParties.Console\ElasticParties.CLI.csproj", "{EE0080AC-0832-4594-8797-BFDA34CE4E3A}"
EndProject
Project("{FAE04EC0-301F-11D3-BF4B-00C04F79EFBC}") = "ElasticParties.Services", "ElasticParties.Services\ElasticParties.Services.csproj", "{F1F9C107-23C6-4542-8998-EFD7CD2C5359}"
EndProject
Global
	GlobalSection(SolutionConfigurationPlatforms) = preSolution
		Debug|Any CPU = Debug|Any CPU
		Release|Any CPU = Release|Any CPU
	EndGlobalSection
	GlobalSection(ProjectConfigurationPlatforms) = postSolution
		{2D2E44CC-CF3A-4F20-979B-0037CE8B31F5}.Debug|Any CPU.ActiveCfg = Debug|Any CPU
		{2D2E44CC-CF3A-4F20-979B-0037CE8B31F5}.Debug|Any CPU.Build.0 = Debug|Any CPU
		{2D2E44CC-CF3A-4F20-979B-0037CE8B31F5}.Release|Any CPU.ActiveCfg = Release|Any CPU
		{2D2E44CC-CF3A-4F20-979B-0037CE8B31F5}.Release|Any CPU.Build.0 = Release|Any CPU
		{60936FF7-58B7-4BF3-86D0-EB1FE9072231}.Debug|Any CPU.ActiveCfg = Debug|Any CPU
		{60936FF7-58B7-4BF3-86D0-EB1FE9072231}.Debug|Any CPU.Build.0 = Debug|Any CPU
		{60936FF7-58B7-4BF3-86D0-EB1FE9072231}.Release|Any CPU.ActiveCfg = Release|Any CPU
		{60936FF7-58B7-4BF3-86D0-EB1FE9072231}.Release|Any CPU.Build.0 = Release|Any CPU
		{EE0080AC-0832-4594-8797-BFDA34CE4E3A}.Debug|Any CPU.ActiveCfg = Debug|Any CPU
		{EE0080AC-0832-4594-8797-BFDA34CE4E3A}.Debug|Any CPU.Build.0 = Debug|Any CPU
		{EE0080AC-0832-4594-8797-BFDA34CE4E3A}.Release|Any CPU.ActiveCfg = Release|Any CPU
		{EE0080AC-0832-4594-8797-BFDA34CE4E3A}.Release|Any CPU.Build.0 = Release|Any CPU
		{F1F9C107-23C6-4542-8998-EFD7CD2C5359}.Debug|Any CPU.ActiveCfg = Debug|Any CPU
		{F1F9C107-23C6-4542-8998-EFD7CD2C5359}.Debug|Any CPU.Build.0 = Debug|Any CPU
		{F1F9C107-23C6-4542-8998-EFD7CD2C5359}.Release|Any CPU.ActiveCfg = Release|Any CPU
		{F1F9C107-23C6-4542-8998-EFD7CD2C5359}.Release|Any CPU.Build.0 = Release|Any CPU
	EndGlobalSection
	GlobalSection(SolutionProperties) = preSolution
		HideSolutionNode = FALSE
	EndGlobalSection
	GlobalSection(ExtensibilityGlobals) = postSolution
		SolutionGuid = {FDD5A8A1-C098-440A-BAB9-5A90826ED891}
	EndGlobalSection
EndGlobal
